Microsoft Visual Studio Solution File, Format Version 11.00
# Visual Studio 2008

Project("{220790B4-1A7E-6060-15F4-F7BAC67AE398}") = "MainProjectLast", "Assembly-CSharp-firstpass.csproj", "{FE55B230-1291-0CA4-4857-EEC81B813110}"
EndProject
Project("{220790B4-1A7E-6060-15F4-F7BAC67AE398}") = "MainProjectLast", "Assembly-CSharp.csproj", "{86A3359F-5554-027F-8FE0-B827BE7C46B5}"
EndProject
Project("{220790B4-1A7E-6060-15F4-F7BAC67AE398}") = "MainProjectLast", "Assembly-CSharp-Editor.csproj", "{904F13EC-AC0B-7258-BA85-08168FE1501E}"
EndProject
Global
	GlobalSection(SolutionConfigurationPlatforms) = preSolution
		Debug|Any CPU = Debug|Any CPU
		Release|Any CPU = Release|Any CPU
	EndGlobalSection
	GlobalSection(ProjectConfigurationPlatforms) = postSolution
		{FE55B230-1291-0CA4-4857-EEC81B813110}.Debug|Any CPU.ActiveCfg = Debug|Any CPU
		{FE55B230-1291-0CA4-4857-EEC81B813110}.Debug|Any CPU.Build.0 = Debug|Any CPU
		{FE55B230-1291-0CA4-4857-EEC81B813110}.Release|Any CPU.ActiveCfg = Release|Any CPU
		{FE55B230-1291-0CA4-4857-EEC81B813110}.Release|Any CPU.Build.0 = Release|Any CPU
		{86A3359F-5554-027F-8FE0-B827BE7C46B5}.Debug|Any CPU.ActiveCfg = Debug|Any CPU
		{86A3359F-5554-027F-8FE0-B827BE7C46B5}.Debug|Any CPU.Build.0 = Debug|Any CPU
		{86A3359F-5554-027F-8FE0-B827BE7C46B5}.Release|Any CPU.ActiveCfg = Release|Any CPU
		{86A3359F-5554-027F-8FE0-B827BE7C46B5}.Release|Any CPU.Build.0 = Release|Any CPU
		{904F13EC-AC0B-7258-BA85-08168FE1501E}.Debug|Any CPU.ActiveCfg = Debug|Any CPU
		{904F13EC-AC0B-7258-BA85-08168FE1501E}.Debug|Any CPU.Build.0 = Debug|Any CPU
		{904F13EC-AC0B-7258-BA85-08168FE1501E}.Release|Any CPU.ActiveCfg = Release|Any CPU
		{904F13EC-AC0B-7258-BA85-08168FE1501E}.Release|Any CPU.Build.0 = Release|Any CPU
	EndGlobalSection
	GlobalSection(SolutionProperties) = preSolution
		HideSolutionNode = FALSE
	EndGlobalSection
	GlobalSection(MonoDevelopProperties) = preSolution
		StartupItem = Assembly-CSharp.csproj
	EndGlobalSection
EndGlobal
